{
  "requires": true,
  "lockfileVersion": 1,
  "dependencies": {
    "sweetalert2": {
      "version": "7.0.2",
      "resolved": "https://registry.npmjs.org/sweetalert2/-/sweetalert2-7.0.2.tgz",
      "integrity": "sha512-Qe1yey8+FSKFg3+fo3CnzS9ubPScX88dkgNG22i3JGwVFvrq0Fw61gx5psTIuWnya6V+IJeJxTLqYsnY77Qgsw=="
    }
  }
}
